
Microsoft Visual Studio Solution File, Format Version 12.00
# Visual Studio Version 17
VisualStudioVersion = 17.2.32602.215
MinimumVisualStudioVersion = 10.0.40219.1
Project("{FAE04EC0-301F-11D3-BF4B-00C04F79EFBC}") = "Class-tutorial", "Class-tutorial\Class-tutorial.csproj", "{EF271BAD-D402-4424-995C-F8A3D1AB2993}"
EndProject
Global
	GlobalSection(SolutionConfigurationPlatforms) = preSolution
		Debug|Any CPU = Debug|Any CPU
		Release|Any CPU = Release|Any CPU
	EndGlobalSection
	GlobalSection(ProjectConfigurationPlatforms) = postSolution
		{EF271BAD-D402-4424-995C-F8A3D1AB2993}.Debug|Any CPU.ActiveCfg = Debug|Any CPU
		{EF271BAD-D402-4424-995C-F8A3D1AB2993}.Debug|Any CPU.Build.0 = Debug|Any CPU
		{EF271BAD-D402-4424-995C-F8A3D1AB2993}.Release|Any CPU.ActiveCfg = Release|Any CPU
		{EF271BAD-D402-4424-995C-F8A3D1AB2993}.Release|Any CPU.Build.0 = Release|Any CPU
	EndGlobalSection
	GlobalSection(SolutionProperties) = preSolution
		HideSolutionNode = FALSE
	EndGlobalSection
	GlobalSection(ExtensibilityGlobals) = postSolution
		SolutionGuid = {6E427651-ADF4-456B-B1D6-B9BE0F7FF84C}
	EndGlobalSection
EndGlobal
